
Microsoft Visual Studio Solution File, Format Version 12.00
# Visual Studio Version 17
VisualStudioVersion = 17.9.34902.65
MinimumVisualStudioVersion = 10.0.40219.1
Project("{FAE04EC0-301F-11D3-BF4B-00C04F79EFBC}") = "Sustentacion", "Sustentacion\Sustentacion.csproj", "{170E871C-45CA-4A8F-9C07-F8BAA0051437}"
EndProject
Project("{FAE04EC0-301F-11D3-BF4B-00C04F79EFBC}") = "CalculoSalariaForms", "..\Project 5 semestre\Abstraccion\CalculoSalariaForms.csproj", "{88B5D1DF-77AC-4D9D-B7CC-C7D970DF6A28}"
EndProject
Project("{FAE04EC0-301F-11D3-BF4B-00C04F79EFBC}") = "EstructuraDeDatosLineales", "..\Project 5 semestre\EstructuraDeDatosLineales\EstructuraDeDatosLineales.csproj", "{85F69D25-87CC-4547-AF21-7DFB8FBFE0B4}"
EndProject
Project("{FAE04EC0-301F-11D3-BF4B-00C04F79EFBC}") = "ArbolBinario", "..\Project 5 semestre\ArbolBinario\ArbolBinario\ArbolBinario.csproj", "{4E05976B-55AE-45FA-BF8D-5E4A62595A76}"
EndProject
Global
	GlobalSection(SolutionConfigurationPlatforms) = preSolution
		Debug|Any CPU = Debug|Any CPU
		Release|Any CPU = Release|Any CPU
	EndGlobalSection
	GlobalSection(ProjectConfigurationPlatforms) = postSolution
		{170E871C-45CA-4A8F-9C07-F8BAA0051437}.Debug|Any CPU.ActiveCfg = Debug|Any CPU
		{170E871C-45CA-4A8F-9C07-F8BAA0051437}.Debug|Any CPU.Build.0 = Debug|Any CPU
		{170E871C-45CA-4A8F-9C07-F8BAA0051437}.Release|Any CPU.ActiveCfg = Release|Any CPU
		{170E871C-45CA-4A8F-9C07-F8BAA0051437}.Release|Any CPU.Build.0 = Release|Any CPU
		{88B5D1DF-77AC-4D9D-B7CC-C7D970DF6A28}.Debug|Any CPU.ActiveCfg = Debug|Any CPU
		{88B5D1DF-77AC-4D9D-B7CC-C7D970DF6A28}.Debug|Any CPU.Build.0 = Debug|Any CPU
		{88B5D1DF-77AC-4D9D-B7CC-C7D970DF6A28}.Release|Any CPU.ActiveCfg = Release|Any CPU
		{88B5D1DF-77AC-4D9D-B7CC-C7D970DF6A28}.Release|Any CPU.Build.0 = Release|Any CPU
		{85F69D25-87CC-4547-AF21-7DFB8FBFE0B4}.Debug|Any CPU.ActiveCfg = Debug|Any CPU
		{85F69D25-87CC-4547-AF21-7DFB8FBFE0B4}.Debug|Any CPU.Build.0 = Debug|Any CPU
		{85F69D25-87CC-4547-AF21-7DFB8FBFE0B4}.Release|Any CPU.ActiveCfg = Release|Any CPU
		{85F69D25-87CC-4547-AF21-7DFB8FBFE0B4}.Release|Any CPU.Build.0 = Release|Any CPU
		{4E05976B-55AE-45FA-BF8D-5E4A62595A76}.Debug|Any CPU.ActiveCfg = Debug|Any CPU
		{4E05976B-55AE-45FA-BF8D-5E4A62595A76}.Debug|Any CPU.Build.0 = Debug|Any CPU
		{4E05976B-55AE-45FA-BF8D-5E4A62595A76}.Release|Any CPU.ActiveCfg = Release|Any CPU
		{4E05976B-55AE-45FA-BF8D-5E4A62595A76}.Release|Any CPU.Build.0 = Release|Any CPU
	EndGlobalSection
	GlobalSection(SolutionProperties) = preSolution
		HideSolutionNode = FALSE
	EndGlobalSection
	GlobalSection(ExtensibilityGlobals) = postSolution
		SolutionGuid = {84E3DD81-F91C-408E-BCAD-350D52C1E50A}
	EndGlobalSection
EndGlobal
